{
  "originHash" : "ae7868a0e41c7686027e72aeec85d7a7a5dba585372a0c3d19a2b1708925f681",
  "pins" : [
    {
      "identity" : "capacitor-swift-pm",
      "kind" : "remoteSourceControl",
      "location" : "https://github.com/ionic-team/capacitor-swift-pm.git",
      "state" : {
        "revision" : "13a39179b3df796f3bb2e70c47ccdd92593f34d2",
        "version" : "8.0.2"
      }
    }
  ],
  "version" : 3
}
